
Microsoft Visual Studio Solution File, Format Version 12.00
# Visual Studio Version 17
VisualStudioVersion = 17.11.35327.3
MinimumVisualStudioVersion = 10.0.40219.1
Project("{FAE04EC0-301F-11D3-BF4B-00C04F79EFBC}") = "L3S.FromExcelToListClass", "L3S.FromExcelToListClass\L3S.FromExcelToListClass.csproj", "{AE0EA5EC-44B1-4185-B778-60608DF64C6D}"
EndProject
Project("{FAE04EC0-301F-11D3-BF4B-00C04F79EFBC}") = "L3S.TestConsole", "L3S.TestConsole\L3S.TestConsole.csproj", "{9C8B37E1-3B65-4A0A-AA84-F1AADD672E79}"
EndProject
Global
	GlobalSection(SolutionConfigurationPlatforms) = preSolution
		Debug|Any CPU = Debug|Any CPU
		Release|Any CPU = Release|Any CPU
	EndGlobalSection
	GlobalSection(ProjectConfigurationPlatforms) = postSolution
		{AE0EA5EC-44B1-4185-B778-60608DF64C6D}.Debug|Any CPU.ActiveCfg = Debug|Any CPU
		{AE0EA5EC-44B1-4185-B778-60608DF64C6D}.Debug|Any CPU.Build.0 = Debug|Any CPU
		{AE0EA5EC-44B1-4185-B778-60608DF64C6D}.Release|Any CPU.ActiveCfg = Release|Any CPU
		{AE0EA5EC-44B1-4185-B778-60608DF64C6D}.Release|Any CPU.Build.0 = Release|Any CPU
		{9C8B37E1-3B65-4A0A-AA84-F1AADD672E79}.Debug|Any CPU.ActiveCfg = Debug|Any CPU
		{9C8B37E1-3B65-4A0A-AA84-F1AADD672E79}.Debug|Any CPU.Build.0 = Debug|Any CPU
		{9C8B37E1-3B65-4A0A-AA84-F1AADD672E79}.Release|Any CPU.ActiveCfg = Release|Any CPU
		{9C8B37E1-3B65-4A0A-AA84-F1AADD672E79}.Release|Any CPU.Build.0 = Release|Any CPU
	EndGlobalSection
	GlobalSection(SolutionProperties) = preSolution
		HideSolutionNode = FALSE
	EndGlobalSection
	GlobalSection(ExtensibilityGlobals) = postSolution
		SolutionGuid = {6952DE89-850A-4104-9E8A-E7838C34BFE2}
	EndGlobalSection
EndGlobal
